
Microsoft Visual Studio Solution File, Format Version 12.00
# Visual Studio Version 16
VisualStudioVersion = 16.0.30503.244
MinimumVisualStudioVersion = 10.0.40219.1
Project("{FAE04EC0-301F-11D3-BF4B-00C04F79EFBC}") = "WindowsFormsApp6", "WindowsFormsApp6\WindowsFormsApp6.csproj", "{470941F0-CC09-48B3-A52B-6966C9BF090F}"
EndProject
Global
	GlobalSection(SolutionConfigurationPlatforms) = preSolution
		Debug|Any CPU = Debug|Any CPU
		Release|Any CPU = Release|Any CPU
	EndGlobalSection
	GlobalSection(ProjectConfigurationPlatforms) = postSolution
		{470941F0-CC09-48B3-A52B-6966C9BF090F}.Debug|Any CPU.ActiveCfg = Debug|Any CPU
		{470941F0-CC09-48B3-A52B-6966C9BF090F}.Debug|Any CPU.Build.0 = Debug|Any CPU
		{470941F0-CC09-48B3-A52B-6966C9BF090F}.Release|Any CPU.ActiveCfg = Release|Any CPU
		{470941F0-CC09-48B3-A52B-6966C9BF090F}.Release|Any CPU.Build.0 = Release|Any CPU
	EndGlobalSection
	GlobalSection(SolutionProperties) = preSolution
		HideSolutionNode = FALSE
	EndGlobalSection
	GlobalSection(ExtensibilityGlobals) = postSolution
		SolutionGuid = {E97B52ED-495F-43F7-A6BA-376A3FC549C6}
	EndGlobalSection
EndGlobal
